
Microsoft Visual Studio Solution File, Format Version 12.00
# Visual Studio 2013
VisualStudioVersion = 12.0.31101.0
MinimumVisualStudioVersion = 10.0.40219.1
Project("{FAE04EC0-301F-11D3-BF4B-00C04F79EFBC}") = "LibraryServer", "LibraryServer\LibraryServer.csproj", "{81CD2E6C-D9B1-460B-94A3-43EF829EE7D6}"
EndProject
Project("{FAE04EC0-301F-11D3-BF4B-00C04F79EFBC}") = "ConsoleServer", "ConsoleServer\ConsoleServer.csproj", "{F1933152-8820-4E17-A655-E0E558B264B8}"
EndProject
Project("{FAE04EC0-301F-11D3-BF4B-00C04F79EFBC}") = "Client", "Client\Client.csproj", "{483FA062-D2C6-4CE8-99B4-7226F289E844}"
EndProject
Global
	GlobalSection(SolutionConfigurationPlatforms) = preSolution
		Debug|Any CPU = Debug|Any CPU
		Release|Any CPU = Release|Any CPU
	EndGlobalSection
	GlobalSection(ProjectConfigurationPlatforms) = postSolution
		{81CD2E6C-D9B1-460B-94A3-43EF829EE7D6}.Debug|Any CPU.ActiveCfg = Debug|Any CPU
		{81CD2E6C-D9B1-460B-94A3-43EF829EE7D6}.Debug|Any CPU.Build.0 = Debug|Any CPU
		{81CD2E6C-D9B1-460B-94A3-43EF829EE7D6}.Release|Any CPU.ActiveCfg = Release|Any CPU
		{81CD2E6C-D9B1-460B-94A3-43EF829EE7D6}.Release|Any CPU.Build.0 = Release|Any CPU
		{F1933152-8820-4E17-A655-E0E558B264B8}.Debug|Any CPU.ActiveCfg = Debug|Any CPU
		{F1933152-8820-4E17-A655-E0E558B264B8}.Debug|Any CPU.Build.0 = Debug|Any CPU
		{F1933152-8820-4E17-A655-E0E558B264B8}.Release|Any CPU.ActiveCfg = Release|Any CPU
		{F1933152-8820-4E17-A655-E0E558B264B8}.Release|Any CPU.Build.0 = Release|Any CPU
		{483FA062-D2C6-4CE8-99B4-7226F289E844}.Debug|Any CPU.ActiveCfg = Debug|Any CPU
		{483FA062-D2C6-4CE8-99B4-7226F289E844}.Debug|Any CPU.Build.0 = Debug|Any CPU
		{483FA062-D2C6-4CE8-99B4-7226F289E844}.Release|Any CPU.ActiveCfg = Release|Any CPU
		{483FA062-D2C6-4CE8-99B4-7226F289E844}.Release|Any CPU.Build.0 = Release|Any CPU
	EndGlobalSection
	GlobalSection(SolutionProperties) = preSolution
		HideSolutionNode = FALSE
	EndGlobalSection
EndGlobal
